# Obtained from @gvleobas
# This file may be used to create an environment using:
# $ conda create --name <env> --file <this file>
# platform: linux-64
# channels: conda-forge
@EXPLICIT
https://conda.anaconda.org/conda-forge/linux-64/_go_select-2.3.0-cgo.tar.bz2
https://conda.anaconda.org/conda-forge/linux-64/_libgcc_mutex-0.1-conda_forge.tar.bz2
https://conda.anaconda.org/conda-forge/linux-64/ca-certificates-2021.10.8-ha878542_0.tar.bz2
https://conda.anaconda.org/conda-forge/noarch/font-ttf-dejavu-sans-mono-2.37-hab24e00_0.tar.bz2
https://conda.anaconda.org/conda-forge/noarch/font-ttf-inconsolata-3.000-h77eed37_0.tar.bz2
https://conda.anaconda.org/conda-forge/noarch/font-ttf-source-code-pro-2.038-h77eed37_0.tar.bz2
https://conda.anaconda.org/conda-forge/noarch/font-ttf-ubuntu-0.83-hab24e00_0.tar.bz2
https://conda.anaconda.org/conda-forge/noarch/kernel-headers_linux-64-2.6.32-he073ed8_15.tar.bz2
https://conda.anaconda.org/conda-forge/linux-64/ld_impl_linux-64-2.36.1-hea4e1c9_2.tar.bz2
https://conda.anaconda.org/conda-forge/linux-64/libgcc-devel_linux-64-9.4.0-hd854feb_12.tar.bz2
https://conda.anaconda.org/conda-forge/linux-64/libgfortran5-11.2.0-h5c6108e_12.tar.bz2
https://conda.anaconda.org/conda-forge/linux-64/libstdcxx-devel_linux-64-9.4.0-hd854feb_12.tar.bz2
https://conda.anaconda.org/conda-forge/linux-64/libstdcxx-ng-11.2.0-he4da1e4_12.tar.bz2
https://conda.anaconda.org/conda-forge/linux-64/openjdk-8.0.312-h7f98852_0.tar.bz2
https://conda.anaconda.org/conda-forge/noarch/poppler-data-0.4.11-hd8ed1ab_0.tar.bz2
https://conda.anaconda.org/conda-forge/noarch/pybind11-abi-4-hd8ed1ab_3.tar.bz2
https://conda.anaconda.org/conda-forge/noarch/tzdata-2021e-he74cb21_0.tar.bz2
https://conda.anaconda.org/conda-forge/noarch/fonts-conda-forge-1-0.tar.bz2
https://conda.anaconda.org/conda-forge/linux-64/libgfortran-ng-11.2.0-h69a702a_12.tar.bz2
https://conda.anaconda.org/conda-forge/linux-64/libgomp-11.2.0-h1d223b6_12.tar.bz2
https://conda.anaconda.org/conda-forge/linux-64/maven-3.6.3-ha770c72_0.tar.bz2
https://conda.anaconda.org/conda-forge/noarch/sysroot_linux-64-2.12-he073ed8_15.tar.bz2
https://conda.anaconda.org/conda-forge/linux-64/_openmp_mutex-4.5-1_gnu.tar.bz2
https://conda.anaconda.org/conda-forge/linux-64/binutils_impl_linux-64-2.36.1-h193b22a_2.tar.bz2
https://conda.anaconda.org/conda-forge/noarch/fonts-conda-ecosystem-1-0.tar.bz2
https://conda.anaconda.org/conda-forge/linux-64/binutils_linux-64-2.36-hf3e587d_4.tar.bz2
https://conda.anaconda.org/conda-forge/linux-64/libgcc-ng-11.2.0-h1d223b6_12.tar.bz2
https://conda.anaconda.org/conda-forge/linux-64/abseil-cpp-20210324.2-h9c3ff4c_0.tar.bz2
https://conda.anaconda.org/conda-forge/linux-64/aws-c-common-0.6.16-h7f98852_0.tar.bz2
https://conda.anaconda.org/conda-forge/linux-64/bisonpp-1.21_45-h6bb024c_1002.tar.bz2
https://conda.anaconda.org/conda-forge/linux-64/blosc-1.21.0-h9c3ff4c_0.tar.bz2
https://conda.anaconda.org/conda-forge/linux-64/bzip2-1.0.8-h7f98852_4.tar.bz2
https://conda.anaconda.org/conda-forge/linux-64/c-ares-1.18.1-h7f98852_0.tar.bz2
https://conda.anaconda.org/conda-forge/linux-64/double-conversion-3.2.0-h9c3ff4c_0.tar.bz2
https://conda.anaconda.org/conda-forge/linux-64/expat-2.4.3-h9c3ff4c_0.tar.bz2
https://conda.anaconda.org/conda-forge/linux-64/fmt-8.1.1-h4bd325d_0.tar.bz2
https://conda.anaconda.org/conda-forge/linux-64/freexl-1.0.6-h7f98852_0.tar.bz2
https://conda.anaconda.org/conda-forge/linux-64/geos-3.10.2-h9c3ff4c_0.tar.bz2
https://conda.anaconda.org/conda-forge/linux-64/gflags-2.2.2-he1b5a44_1004.tar.bz2
https://conda.anaconda.org/conda-forge/linux-64/giflib-5.2.1-h36c2ea0_2.tar.bz2
https://conda.anaconda.org/conda-forge/linux-64/go-1.15.11-h17d2266_1.tar.bz2
https://conda.anaconda.org/conda-forge/linux-64/icu-69.1-h9c3ff4c_0.tar.bz2
https://conda.anaconda.org/conda-forge/linux-64/jbig-2.1-h7f98852_2003.tar.bz2
https://conda.anaconda.org/conda-forge/linux-64/jpeg-9e-h7f98852_0.tar.bz2
https://conda.anaconda.org/conda-forge/linux-64/json-c-0.15-h98cffda_0.tar.bz2
https://conda.anaconda.org/conda-forge/linux-64/lerc-3.0-h9c3ff4c_0.tar.bz2
https://conda.anaconda.org/conda-forge/linux-64/libbrotlicommon-1.0.9-h7f98852_6.tar.bz2
https://conda.anaconda.org/conda-forge/linux-64/libdeflate-1.8-h7f98852_0.tar.bz2
https://conda.anaconda.org/conda-forge/linux-64/libev-4.33-h516909a_1.tar.bz2
https://conda.anaconda.org/conda-forge/linux-64/libffi-3.4.2-h7f98852_5.tar.bz2
https://conda.anaconda.org/conda-forge/linux-64/libiconv-1.16-h516909a_0.tar.bz2
https://conda.anaconda.org/conda-forge/linux-64/libnsl-2.0.0-h7f98852_0.tar.bz2
https://conda.anaconda.org/conda-forge/linux-64/libntlm-1.4-h7f98852_1002.tar.bz2
https://conda.anaconda.org/conda-forge/linux-64/libopenblas-0.3.18-pthreads_h8fe5266_0.tar.bz2
https://conda.anaconda.org/conda-forge/linux-64/libsanitizer-9.4.0-h79bfe98_12.tar.bz2
https://conda.anaconda.org/conda-forge/linux-64/libutf8proc-2.7.0-h7f98852_0.tar.bz2
https://conda.anaconda.org/conda-forge/linux-64/libuuid-2.32.1-h7f98852_1000.tar.bz2
https://conda.anaconda.org/conda-forge/linux-64/libuv-1.43.0-h7f98852_0.tar.bz2
https://conda.anaconda.org/conda-forge/linux-64/libwebp-base-1.2.2-h7f98852_1.tar.bz2
https://conda.anaconda.org/conda-forge/linux-64/libzlib-1.2.11-h36c2ea0_1013.tar.bz2
https://conda.anaconda.org/conda-forge/linux-64/lz4-c-1.9.3-h9c3ff4c_1.tar.bz2
https://conda.anaconda.org/conda-forge/linux-64/lzo-2.10-h516909a_1000.tar.bz2
https://conda.anaconda.org/conda-forge/linux-64/m4-1.4.18-h516909a_1001.tar.bz2
https://conda.anaconda.org/conda-forge/linux-64/make-4.3-hd18ef5c_1.tar.bz2
https://conda.anaconda.org/conda-forge/linux-64/ncurses-6.3-h9c3ff4c_0.tar.bz2
https://conda.anaconda.org/conda-forge/linux-64/nspr-4.32-h9c3ff4c_1.tar.bz2
https://conda.anaconda.org/conda-forge/linux-64/openssl-1.1.1l-h7f98852_0.tar.bz2
https://conda.anaconda.org/conda-forge/linux-64/pcre-8.45-h9c3ff4c_0.tar.bz2
https://conda.anaconda.org/conda-forge/linux-64/pixman-0.40.0-h36c2ea0_0.tar.bz2
https://conda.anaconda.org/conda-forge/linux-64/pthread-stubs-0.4-h36c2ea0_1001.tar.bz2
https://conda.anaconda.org/conda-forge/linux-64/re2-2021.11.01-h9c3ff4c_0.tar.bz2
https://conda.anaconda.org/conda-forge/linux-64/reproc-14.2.3-h7f98852_0.tar.bz2
https://conda.anaconda.org/conda-forge/linux-64/rhash-1.4.1-h7f98852_0.tar.bz2
https://conda.anaconda.org/conda-forge/linux-64/snappy-1.1.8-he1b5a44_3.tar.bz2
https://conda.anaconda.org/conda-forge/linux-64/tbb-2021.5.0-h4bd325d_0.tar.bz2
https://conda.anaconda.org/conda-forge/linux-64/tzcode-2021e-h7f98852_0.tar.bz2
https://conda.anaconda.org/conda-forge/linux-64/xorg-kbproto-1.0.7-h7f98852_1002.tar.bz2
https://conda.anaconda.org/conda-forge/linux-64/xorg-libice-1.0.10-h7f98852_0.tar.bz2
https://conda.anaconda.org/conda-forge/linux-64/xorg-libxau-1.0.9-h7f98852_0.tar.bz2
https://conda.anaconda.org/conda-forge/linux-64/xorg-libxdmcp-1.1.3-h7f98852_0.tar.bz2
https://conda.anaconda.org/conda-forge/linux-64/xorg-renderproto-0.11.1-h7f98852_1002.tar.bz2
https://conda.anaconda.org/conda-forge/linux-64/xorg-xextproto-7.3.0-h7f98852_1002.tar.bz2
https://conda.anaconda.org/conda-forge/linux-64/xorg-xproto-7.0.31-h7f98852_1007.tar.bz2
https://conda.anaconda.org/conda-forge/linux-64/xz-5.2.5-h516909a_1.tar.bz2
https://conda.anaconda.org/conda-forge/linux-64/yaml-0.2.5-h7f98852_2.tar.bz2
https://conda.anaconda.org/conda-forge/linux-64/yaml-cpp-0.6.3-he1b5a44_4.tar.bz2
https://conda.anaconda.org/conda-forge/linux-64/aws-c-cal-0.5.12-h8c99da7_6.tar.bz2
https://conda.anaconda.org/conda-forge/linux-64/aws-c-compression-0.2.14-h4f5cfdb_6.tar.bz2
https://conda.anaconda.org/conda-forge/linux-64/aws-c-sdkutils-0.1.1-h4f5cfdb_3.tar.bz2
https://conda.anaconda.org/conda-forge/linux-64/aws-checksums-0.1.12-h4f5cfdb_5.tar.bz2
https://conda.anaconda.org/conda-forge/linux-64/flex-2.6.4-h58526e2_1004.tar.bz2
https://conda.anaconda.org/conda-forge/linux-64/gcc_impl_linux-64-9.4.0-h03d3576_12.tar.bz2
https://conda.anaconda.org/conda-forge/linux-64/gettext-0.19.8.1-h73d1719_1008.tar.bz2
https://conda.anaconda.org/conda-forge/linux-64/glog-0.5.0-h48cff8f_0.tar.bz2
https://conda.anaconda.org/conda-forge/linux-64/libblas-3.9.0-13_linux64_openblas.tar.bz2
https://conda.anaconda.org/conda-forge/linux-64/libbrotlidec-1.0.9-h7f98852_6.tar.bz2
https://conda.anaconda.org/conda-forge/linux-64/libbrotlienc-1.0.9-h7f98852_6.tar.bz2
https://conda.anaconda.org/conda-forge/linux-64/libedit-3.1.20191231-he28a2e2_2.tar.bz2
https://conda.anaconda.org/conda-forge/linux-64/libevent-2.1.10-h9b69904_4.tar.bz2
https://conda.anaconda.org/conda-forge/linux-64/librttopo-1.1.0-hf69c175_9.tar.bz2
https://conda.anaconda.org/conda-forge/linux-64/libxcb-1.13-h7f98852_1004.tar.bz2
https://conda.anaconda.org/conda-forge/linux-64/readline-8.1-h46c0cb4_0.tar.bz2
https://conda.anaconda.org/conda-forge/linux-64/reproc-cpp-14.2.3-h9c3ff4c_0.tar.bz2
https://conda.anaconda.org/conda-forge/linux-64/s2n-1.2.0-h9b69904_0.tar.bz2
https://conda.anaconda.org/conda-forge/linux-64/tbb-devel-2021.5.0-h4bd325d_0.tar.bz2
https://conda.anaconda.org/conda-forge/linux-64/xerces-c-3.2.3-h8ce2273_4.tar.bz2
https://conda.anaconda.org/conda-forge/linux-64/xorg-libsm-1.2.3-hd9c2040_1000.tar.bz2
https://conda.anaconda.org/conda-forge/linux-64/zlib-1.2.11-h36c2ea0_1013.tar.bz2
https://conda.anaconda.org/conda-forge/linux-64/zstd-1.5.2-ha95c52a_0.tar.bz2
https://conda.anaconda.org/conda-forge/linux-64/aws-c-io-0.10.13-h4e1a65d_2.tar.bz2
https://conda.anaconda.org/conda-forge/linux-64/boost-cpp-1.74.0-h359cf19_5.tar.bz2
https://conda.anaconda.org/conda-forge/linux-64/gcc_linux-64-9.4.0-h391b98a_4.tar.bz2
https://conda.anaconda.org/conda-forge/linux-64/gxx_impl_linux-64-9.4.0-h03d3576_12.tar.bz2
https://conda.anaconda.org/conda-forge/linux-64/hdf4-4.2.15-h10796ff_3.tar.bz2
https://conda.anaconda.org/conda-forge/linux-64/libcblas-3.9.0-13_linux64_openblas.tar.bz2
https://conda.anaconda.org/conda-forge/linux-64/libglib-2.70.2-h174f98d_1.tar.bz2
https://conda.anaconda.org/conda-forge/linux-64/libgpg-error-1.42-h9c3ff4c_0.tar.bz2
https://conda.anaconda.org/conda-forge/linux-64/liblapack-3.9.0-13_linux64_openblas.tar.bz2
https://conda.anaconda.org/conda-forge/linux-64/libllvm11-11.1.0-hf817b99_2.tar.bz2
https://conda.anaconda.org/conda-forge/linux-64/libnghttp2-1.46.0-h812cca2_0.tar.bz2
https://conda.anaconda.org/conda-forge/linux-64/libpng-1.6.37-h21135ba_2.tar.bz2
https://conda.anaconda.org/conda-forge/linux-64/libprotobuf-3.18.1-h780b84a_0.tar.bz2
https://conda.anaconda.org/conda-forge/linux-64/libsolv-0.7.19-h780b84a_5.tar.bz2
https://conda.anaconda.org/conda-forge/linux-64/libssh2-1.10.0-ha56f1ee_2.tar.bz2
https://conda.anaconda.org/conda-forge/linux-64/libthrift-0.15.0-he6d91bd_1.tar.bz2
https://conda.anaconda.org/conda-forge/linux-64/libtiff-4.3.0-h6f004c6_2.tar.bz2
https://conda.anaconda.org/conda-forge/linux-64/libxml2-2.9.12-h885dcf4_1.tar.bz2
https://conda.anaconda.org/conda-forge/linux-64/libzip-1.8.0-h4de3113_1.tar.bz2
https://conda.anaconda.org/conda-forge/linux-64/sqlite-3.37.0-h9cd32fc_0.tar.bz2
https://conda.anaconda.org/conda-forge/linux-64/thrift-cpp-0.13.0-h5aa387f_5.tar.bz2
https://conda.anaconda.org/conda-forge/linux-64/tk-8.6.11-h27826a3_1.tar.bz2
https://conda.anaconda.org/conda-forge/linux-64/xorg-libx11-1.7.2-h7f98852_0.tar.bz2
https://conda.anaconda.org/conda-forge/linux-64/aws-c-event-stream-0.2.7-hedd7935_30.tar.bz2
https://conda.anaconda.org/conda-forge/linux-64/aws-c-http-0.6.10-he2927c9_1.tar.bz2
https://conda.anaconda.org/conda-forge/linux-64/freetype-2.10.4-h0708190_1.tar.bz2
https://conda.anaconda.org/conda-forge/linux-64/go-cgo-1.15.11-h2132b3d_1.tar.bz2
https://conda.anaconda.org/conda-forge/linux-64/grpc-cpp-1.41.1-h75e9d12_2.tar.bz2
https://conda.anaconda.org/conda-forge/linux-64/gxx_linux-64-9.4.0-h0316aca_4.tar.bz2
https://conda.anaconda.org/conda-forge/linux-64/krb5-1.19.2-hcc1bbae_3.tar.bz2
https://conda.anaconda.org/conda-forge/linux-64/lcms2-2.12-hddcbb42_0.tar.bz2
https://conda.anaconda.org/conda-forge/linux-64/libarchive-3.5.2-hccf745f_1.tar.bz2
https://conda.anaconda.org/conda-forge/linux-64/libclang-11.1.0-default_ha53f305_1.tar.bz2
https://conda.anaconda.org/conda-forge/linux-64/libclang-cpp11.1-11.1.0-default_ha53f305_1.tar.bz2
https://conda.anaconda.org/conda-forge/linux-64/libgcrypt-1.9.4-h7f98852_0.tar.bz2
https://conda.anaconda.org/conda-forge/linux-64/libkml-1.3.0-h238a007_1014.tar.bz2
https://conda.anaconda.org/conda-forge/linux-64/llvm-11.1.0-h32600fe_2.tar.bz2
https://conda.anaconda.org/conda-forge/linux-64/llvm-tools-11.1.0-hf817b99_2.tar.bz2
https://conda.anaconda.org/conda-forge/linux-64/nss-3.74-hb5efdd6_0.tar.bz2
https://conda.anaconda.org/conda-forge/linux-64/openjpeg-2.4.0-hb52868f_1.tar.bz2
https://conda.anaconda.org/conda-forge/linux-64/orc-1.7.1-h68e2c4e_0.tar.bz2
https://conda.anaconda.org/conda-forge/linux-64/python-3.10.1-h62f1059_2_cpython.tar.bz2
https://conda.anaconda.org/conda-forge/linux-64/xorg-libxext-1.3.4-h7f98852_1.tar.bz2
https://conda.anaconda.org/conda-forge/linux-64/xorg-libxrender-0.9.10-h7f98852_1003.tar.bz2
https://conda.anaconda.org/conda-forge/linux-64/aws-c-auth-0.6.5-h00e28c2_5.tar.bz2
https://conda.anaconda.org/conda-forge/linux-64/aws-c-mqtt-0.7.8-h1e34fcd_9.tar.bz2
https://conda.anaconda.org/conda-forge/noarch/charset-normalizer-2.0.10-pyhd8ed1ab_0.tar.bz2
https://conda.anaconda.org/conda-forge/linux-64/clang-11-11.1.0-default_ha53f305_1.tar.bz2
https://conda.anaconda.org/conda-forge/noarch/colorama-0.4.4-pyh9f0ad1d_0.tar.bz2
https://conda.anaconda.org/conda-forge/linux-64/cyrus-sasl-2.1.27-h230043b_5.tar.bz2
https://conda.anaconda.org/conda-forge/linux-64/fontconfig-2.13.94-ha180cfb_0.tar.bz2
https://conda.anaconda.org/conda-forge/noarch/idna-3.3-pyhd8ed1ab_0.tar.bz2
https://conda.anaconda.org/conda-forge/linux-64/libclang-cpp-11.1.0-default_ha53f305_1.tar.bz2
https://conda.anaconda.org/conda-forge/linux-64/libcurl-7.81.0-h2574ce0_0.tar.bz2
https://conda.anaconda.org/conda-forge/linux-64/libgsasl-1.10.0-h5b4c23d_0.tar.bz2
https://conda.anaconda.org/conda-forge/linux-64/libpq-14.1-hd57d9b9_1.tar.bz2
https://conda.anaconda.org/conda-forge/linux-64/llvmdev-11.1.0-hf817b99_2.tar.bz2
https://conda.anaconda.org/conda-forge/noarch/pycparser-2.21-pyhd8ed1ab_0.tar.bz2
https://conda.anaconda.org/conda-forge/linux-64/python_abi-3.10-2_cp310.tar.bz2
https://conda.anaconda.org/conda-forge/noarch/six-1.16.0-pyh6c4a22f_0.tar.bz2
https://conda.anaconda.org/conda-forge/noarch/wheel-0.37.1-pyhd8ed1ab_0.tar.bz2
https://conda.anaconda.org/conda-forge/linux-64/aws-c-s3-0.1.27-hbe77d09_8.tar.bz2
https://conda.anaconda.org/conda-forge/linux-64/cairo-1.16.0-ha00ac49_1009.tar.bz2
https://conda.anaconda.org/conda-forge/linux-64/certifi-2021.10.8-py310hff52083_1.tar.bz2
https://conda.anaconda.org/conda-forge/linux-64/cffi-1.15.0-py310h0fdd8cc_0.tar.bz2
https://conda.anaconda.org/conda-forge/linux-64/cfitsio-4.0.0-h9a35b8e_0.tar.bz2
https://conda.anaconda.org/conda-forge/linux-64/clang-11.1.0-ha770c72_1.tar.bz2
https://conda.anaconda.org/conda-forge/linux-64/cmake-3.21.3-h8897547_0.tar.bz2
https://conda.anaconda.org/conda-forge/linux-64/curl-7.81.0-h2574ce0_0.tar.bz2
https://conda.anaconda.org/conda-forge/linux-64/hdf5-1.12.1-nompi_h2750804_103.tar.bz2
https://conda.anaconda.org/conda-forge/linux-64/libmamba-0.20.0-h3985d26_0.tar.bz2
https://conda.anaconda.org/conda-forge/linux-64/librdkafka-1.8.2.post2-hc49e61c_0.tar.bz2
https://conda.anaconda.org/conda-forge/linux-64/numpy-1.22.1-py310h454958d_0.tar.bz2
https://conda.anaconda.org/conda-forge/linux-64/openldap-2.6.1-h43732ee_0.tar.bz2
https://conda.anaconda.org/conda-forge/linux-64/postgresql-14.1-h2510834_1.tar.bz2
https://conda.anaconda.org/conda-forge/linux-64/proj-8.2.1-h277dcde_0.tar.bz2
https://conda.anaconda.org/conda-forge/linux-64/pycosat-0.6.3-py310h6acc77f_1009.tar.bz2
https://conda.anaconda.org/conda-forge/linux-64/pysocks-1.7.1-py310hff52083_4.tar.bz2
https://conda.anaconda.org/conda-forge/linux-64/ruamel_yaml-0.15.80-py310h6acc77f_1006.tar.bz2
https://conda.anaconda.org/conda-forge/linux-64/setuptools-60.5.0-py310hff52083_0.tar.bz2
https://conda.anaconda.org/conda-forge/noarch/tqdm-4.62.3-pyhd8ed1ab_0.tar.bz2
https://conda.anaconda.org/conda-forge/linux-64/aws-crt-cpp-0.17.4-ha10c5ac_2.tar.bz2
https://conda.anaconda.org/conda-forge/linux-64/brotlipy-0.7.0-py310h6acc77f_1003.tar.bz2
https://conda.anaconda.org/conda-forge/linux-64/clangxx-11.1.0-default_ha53f305_1.tar.bz2
https://conda.anaconda.org/conda-forge/linux-64/conda-package-handling-1.7.3-py310h6acc77f_1.tar.bz2
https://conda.anaconda.org/conda-forge/linux-64/cryptography-36.0.1-py310h685ca39_0.tar.bz2
https://conda.anaconda.org/conda-forge/linux-64/geotiff-1.7.0-h6593c0a_6.tar.bz2
https://conda.anaconda.org/conda-forge/linux-64/kealib-1.4.14-h87e4c3c_3.tar.bz2
https://conda.anaconda.org/conda-forge/linux-64/libdap4-3.20.6-hd7c4107_2.tar.bz2
https://conda.anaconda.org/conda-forge/linux-64/libmambapy-0.20.0-py310h69d3e99_0.tar.bz2
https://conda.anaconda.org/conda-forge/linux-64/libnetcdf-4.8.1-nompi_hb3fd0d9_101.tar.bz2
https://conda.anaconda.org/conda-forge/linux-64/libspatialite-5.0.1-h0e567f8_14.tar.bz2
https://conda.anaconda.org/conda-forge/noarch/pip-21.3.1-pyhd8ed1ab_0.tar.bz2
https://conda.anaconda.org/conda-forge/linux-64/poppler-21.11.0-ha39eefc_0.tar.bz2
https://conda.anaconda.org/conda-forge/linux-64/tiledb-2.6.2-h2038895_0.tar.bz2
https://conda.anaconda.org/conda-forge/linux-64/aws-sdk-cpp-1.9.140-h94f6c54_1.tar.bz2
https://conda.anaconda.org/conda-forge/linux-64/clang-tools-11.1.0-default_ha53f305_1.tar.bz2
https://conda.anaconda.org/conda-forge/linux-64/libgdal-3.4.1-h7b6f8d3_2.tar.bz2
https://conda.anaconda.org/conda-forge/noarch/pyopenssl-21.0.0-pyhd8ed1ab_0.tar.bz2
https://conda.anaconda.org/conda-forge/linux-64/arrow-cpp-2.0.0-py310h8fdcf02_55_cpu.tar.bz2
https://conda.anaconda.org/conda-forge/linux-64/clangdev-11.1.0-default_ha53f305_1.tar.bz2
https://conda.anaconda.org/conda-forge/noarch/urllib3-1.26.8-pyhd8ed1ab_1.tar.bz2
https://conda.anaconda.org/conda-forge/noarch/requests-2.27.1-pyhd8ed1ab_0.tar.bz2
https://conda.anaconda.org/conda-forge/linux-64/conda-4.11.0-py310hff52083_0.tar.bz2
https://conda.anaconda.org/conda-forge/linux-64/mamba-0.20.0-py310hf87f941_0.tar.bz2
