# Obtained from  https://raw.githubusercontent.com/lsst/scipipe_conda_env/0cb88a044d199ee1d7db00a0ae9c6f4bb30e5b10/etc/conda-linux-64.lock
# This file may be used to create an environment using:
# $ conda create --name <env> --file <this file>
# platform: linux-64
# channels: conda-forge,defaults
@EXPLICIT
https://conda.anaconda.org/conda-forge/linux-64/git-lfs-2.11.0-0.tar.bz2
https://conda.anaconda.org/conda-forge/linux-64/_libgcc_mutex-0.1-conda_forge.tar.bz2
https://repo.anaconda.com/pkgs/main/linux-64/ca-certificates-2020.6.24-0.conda
https://conda.anaconda.org/conda-forge/linux-64/ld_impl_linux-64-2.34-h53a641e_7.tar.bz2
https://conda.anaconda.org/conda-forge/linux-64/libgfortran-3.0.0-1.tar.bz2
https://conda.anaconda.org/conda-forge/linux-64/libgfortran-ng-7.5.0-hdf63c60_6.tar.bz2
https://conda.anaconda.org/conda-forge/linux-64/libstdcxx-ng-9.2.0-hdf63c60_2.tar.bz2
https://conda.anaconda.org/conda-forge/linux-64/mpi-1.0-mpich.tar.bz2
https://conda.anaconda.org/conda-forge/linux-64/binutils_impl_linux-64-2.34-h53a641e_7.tar.bz2
https://conda.anaconda.org/conda-forge/linux-64/libgomp-9.2.0-h24d8f2e_2.tar.bz2
https://conda.anaconda.org/conda-forge/linux-64/_openmp_mutex-4.5-0_gnu.tar.bz2
https://conda.anaconda.org/conda-forge/linux-64/binutils-2.34-h2122c62_9.tar.bz2
https://conda.anaconda.org/conda-forge/linux-64/binutils_linux-64-2.34-hc952b39_20.tar.bz2
https://conda.anaconda.org/conda-forge/linux-64/libgcc-ng-9.2.0-h24d8f2e_2.tar.bz2
https://conda.anaconda.org/conda-forge/linux-64/blosc-1.20.0-he1b5a44_0.tar.bz2
https://conda.anaconda.org/conda-forge/linux-64/brotli-1.0.7-he1b5a44_1004.tar.bz2
https://conda.anaconda.org/conda-forge/linux-64/bzip2-1.0.8-h516909a_2.tar.bz2
https://conda.anaconda.org/conda-forge/linux-64/c-ares-1.16.1-h516909a_0.tar.bz2
https://conda.anaconda.org/conda-forge/linux-64/eigen-3.3.7-hc9558a2_1001.tar.bz2
https://conda.anaconda.org/conda-forge/linux-64/expat-2.2.9-he1b5a44_2.tar.bz2
https://conda.anaconda.org/conda-forge/linux-64/fftw-3.3.8-nompi_h7f3a6c3_1111.tar.bz2
https://conda.anaconda.org/conda-forge/linux-64/gcc_impl_linux-64-7.5.0-hd420e75_6.tar.bz2
https://conda.anaconda.org/conda-forge/linux-64/gflags-2.2.2-he1b5a44_1004.tar.bz2
https://conda.anaconda.org/conda-forge/linux-64/icu-58.2-hf484d3e_1000.tar.bz2
https://conda.anaconda.org/conda-forge/linux-64/jpeg-9d-h516909a_0.tar.bz2
https://conda.anaconda.org/conda-forge/linux-64/lapack-3.6.1-ha44fe06_2.tar.bz2
https://conda.anaconda.org/conda-forge/linux-64/libapr-1.6.5-h516909a_2.tar.bz2
https://conda.anaconda.org/conda-forge/linux-64/libapriconv-1.2.2-h516909a_2.tar.bz2
https://conda.anaconda.org/conda-forge/linux-64/libev-4.33-h516909a_0.tar.bz2
https://conda.anaconda.org/conda-forge/linux-64/libffi-3.2.1-he1b5a44_1007.tar.bz2
https://conda.anaconda.org/conda-forge/linux-64/libiconv-1.15-h516909a_1006.tar.bz2
https://conda.anaconda.org/conda-forge/linux-64/libopenblas-0.3.10-pthreads_hb3c22a3_4.tar.bz2
https://conda.anaconda.org/conda-forge/linux-64/libuuid-2.32.1-h14c3975_1000.tar.bz2
https://conda.anaconda.org/conda-forge/linux-64/libuv-1.38.0-h516909a_0.tar.bz2
https://conda.anaconda.org/conda-forge/linux-64/libwebp-base-1.1.0-h516909a_3.tar.bz2
https://conda.anaconda.org/conda-forge/linux-64/lz4-c-1.8.3-he1b5a44_1001.tar.bz2
https://conda.anaconda.org/conda-forge/linux-64/lzo-2.10-h14c3975_1000.tar.bz2
https://conda.anaconda.org/conda-forge/linux-64/make-4.3-h516909a_0.tar.bz2
https://conda.anaconda.org/conda-forge/linux-64/minuit2_standalone-6.18.00-he1b5a44_101.tar.bz2
https://conda.anaconda.org/conda-forge/linux-64/mpich-3.2.1-hc99cbb1_1014.tar.bz2
https://conda.anaconda.org/conda-forge/linux-64/ncurses-6.2-he1b5a44_1.tar.bz2
https://conda.anaconda.org/conda-forge/linux-64/openssl-1.1.1g-h516909a_1.tar.bz2
https://conda.anaconda.org/conda-forge/linux-64/pcre-8.44-he1b5a44_0.tar.bz2
https://conda.anaconda.org/conda-forge/linux-64/perl-5.26.2-h516909a_1006.tar.bz2
https://conda.anaconda.org/conda-forge/linux-64/pthread-stubs-0.4-h14c3975_1001.tar.bz2
https://conda.anaconda.org/conda-forge/linux-64/re2-2020.04.01-he1b5a44_0.tar.bz2
https://conda.anaconda.org/conda-forge/linux-64/rhash-1.3.6-h14c3975_1001.tar.bz2
https://conda.anaconda.org/conda-forge/linux-64/snappy-1.1.8-he1b5a44_3.tar.bz2
https://conda.anaconda.org/conda-forge/linux-64/starlink-ast-9.1.0-h516909a_0.tar.bz2
https://conda.anaconda.org/conda-forge/linux-64/xorg-kbproto-1.0.7-h14c3975_1002.tar.bz2
https://conda.anaconda.org/conda-forge/linux-64/xorg-libxau-1.0.9-h14c3975_0.tar.bz2
https://conda.anaconda.org/conda-forge/linux-64/xorg-libxdmcp-1.1.3-h516909a_0.tar.bz2
https://conda.anaconda.org/conda-forge/linux-64/xorg-xproto-7.0.31-h14c3975_1007.tar.bz2
https://conda.anaconda.org/conda-forge/linux-64/xpa-2.1.20-he1b5a44_0.tar.bz2
https://conda.anaconda.org/conda-forge/linux-64/xz-5.2.5-h516909a_1.tar.bz2
https://conda.anaconda.org/conda-forge/linux-64/yaml-0.2.5-h516909a_0.tar.bz2
https://conda.anaconda.org/conda-forge/linux-64/zlib-1.2.11-h516909a_1006.tar.bz2
https://conda.anaconda.org/conda-forge/linux-64/boost-cpp-1.70.0-ha2d47e9_1.tar.bz2
https://conda.anaconda.org/conda-forge/linux-64/doxygen-1.8.18-hd1b7508_0.tar.bz2
https://conda.anaconda.org/conda-forge/linux-64/gcc_linux-64-7.5.0-h09487f9_20.tar.bz2
https://conda.anaconda.org/conda-forge/linux-64/gettext-0.19.8.1-hc5be6a0_1002.tar.bz2
https://conda.anaconda.org/conda-forge/linux-64/gfortran_impl_linux-64-7.5.0-hdf63c60_6.tar.bz2
https://conda.anaconda.org/conda-forge/linux-64/glog-0.4.0-h49b9bf7_3.tar.bz2
https://conda.anaconda.org/conda-forge/linux-64/gxx_impl_linux-64-7.5.0-hdf63c60_6.tar.bz2
https://conda.anaconda.org/conda-forge/linux-64/hdf5-1.10.6-nompi_h3c11f04_100.tar.bz2
https://conda.anaconda.org/conda-forge/linux-64/libaprutil-1.6.1-ha1d75be_2.tar.bz2
https://conda.anaconda.org/conda-forge/linux-64/libblas-3.8.0-17_openblas.tar.bz2
https://conda.anaconda.org/conda-forge/linux-64/libedit-3.1.20191231-h46ee950_1.tar.bz2
https://conda.anaconda.org/conda-forge/linux-64/libevent-2.1.10-hcdb4288_1.tar.bz2
https://conda.anaconda.org/conda-forge/linux-64/libnghttp2-1.41.0-hab1572f_1.tar.bz2
https://conda.anaconda.org/conda-forge/linux-64/libpng-1.6.37-hed695b0_1.tar.bz2
https://conda.anaconda.org/conda-forge/linux-64/libprotobuf-3.11.0-h8b12597_0.tar.bz2
https://conda.anaconda.org/conda-forge/linux-64/libssh2-1.9.0-hab1572f_5.tar.bz2
https://conda.anaconda.org/conda-forge/linux-64/libxcb-1.13-h14c3975_1002.tar.bz2
https://conda.anaconda.org/conda-forge/linux-64/libxml2-2.9.9-h13577e0_2.tar.bz2
https://conda.anaconda.org/conda-forge/linux-64/minuit2-6.18.00-minuit2_standalone.tar.bz2
https://conda.anaconda.org/conda-forge/linux-64/ndarray-1.5.3-h75f6862_1.tar.bz2
https://conda.anaconda.org/conda-forge/linux-64/readline-8.0-he28a2e2_2.tar.bz2
https://conda.anaconda.org/conda-forge/linux-64/tk-8.6.10-hed695b0_0.tar.bz2
https://conda.anaconda.org/conda-forge/linux-64/zstd-1.4.4-h3b9ef0a_2.tar.bz2
https://conda.anaconda.org/conda-forge/linux-64/apr-1.6.5-h516909a_2.tar.bz2
https://conda.anaconda.org/conda-forge/linux-64/c-compiler-1.1.1-h516909a_0.tar.bz2
https://conda.anaconda.org/conda-forge/linux-64/freetype-2.10.2-he06d7ca_0.tar.bz2
https://conda.anaconda.org/conda-forge/linux-64/gfortran_linux-64-7.5.0-h09487f9_20.tar.bz2
https://conda.anaconda.org/conda-forge/linux-64/grpc-cpp-1.25.0-h213be95_2.tar.bz2
https://conda.anaconda.org/conda-forge/linux-64/gxx_linux-64-7.5.0-h09487f9_20.tar.bz2
https://conda.anaconda.org/conda-forge/linux-64/krb5-1.17.1-hfafb76e_2.tar.bz2
https://conda.anaconda.org/conda-forge/linux-64/libcblas-3.8.0-17_openblas.tar.bz2
https://conda.anaconda.org/conda-forge/linux-64/liblapack-3.8.0-17_openblas.tar.bz2
https://conda.anaconda.org/conda-forge/linux-64/libtiff-4.1.0-hc7e4089_6.tar.bz2
https://conda.anaconda.org/conda-forge/linux-64/sqlite-3.32.3-hcee41ef_1.tar.bz2
https://conda.anaconda.org/conda-forge/linux-64/thrift-cpp-0.12.0-hf3afdfd_1004.tar.bz2
https://conda.anaconda.org/conda-forge/linux-64/xorg-libx11-1.6.9-h516909a_0.tar.bz2
https://conda.anaconda.org/conda-forge/linux-64/cxx-compiler-1.1.1-hc9558a2_0.tar.bz2
https://conda.anaconda.org/conda-forge/linux-64/fontconfig-2.13.1-he4413a7_1000.tar.bz2
https://conda.anaconda.org/conda-forge/linux-64/fortran-compiler-1.1.1-he991be0_0.tar.bz2
https://conda.anaconda.org/conda-forge/linux-64/gsl-2.6-h294904e_0.tar.bz2
https://conda.anaconda.org/conda-forge/linux-64/lcms2-2.11-hbd6801e_0.tar.bz2
https://conda.anaconda.org/conda-forge/linux-64/libcurl-7.71.1-hcdd3856_4.tar.bz2
https://conda.anaconda.org/conda-forge/linux-64/libpq-12.3-h5513abc_0.tar.bz2
https://conda.anaconda.org/conda-forge/linux-64/log4cxx-0.10.0-h66fa5af_2.tar.bz2
https://conda.anaconda.org/conda-forge/linux-64/pgplot-5.2.2-hac706ba_1006.tar.bz2
https://conda.anaconda.org/conda-forge/linux-64/python-3.7.8-h6f2ec95_0_cpython.tar.bz2
https://conda.anaconda.org/conda-forge/noarch/apipkg-1.5-py_0.tar.bz2
https://conda.anaconda.org/conda-forge/noarch/appdirs-1.4.3-py_1.tar.bz2
https://conda.anaconda.org/conda-forge/noarch/asn1crypto-1.4.0-pyh9f0ad1d_0.tar.bz2
https://conda.anaconda.org/conda-forge/noarch/attrs-19.3.0-py_0.tar.bz2
https://conda.anaconda.org/conda-forge/noarch/backoff-1.8.0-py_0.tar.bz2
https://conda.anaconda.org/conda-forge/noarch/backports-1.0-py_2.tar.bz2
https://conda.anaconda.org/conda-forge/noarch/backports.csv-1.0.7-py_0.tar.bz2
https://conda.anaconda.org/conda-forge/noarch/boto-2.49.0-py_0.tar.bz2
https://conda.anaconda.org/conda-forge/linux-64/cfitsio-3.470-hce51eda_6.tar.bz2
https://conda.anaconda.org/conda-forge/noarch/click-7.0-py_0.tar.bz2
https://conda.anaconda.org/conda-forge/noarch/cloudpickle-1.5.0-py_0.tar.bz2
https://conda.anaconda.org/conda-forge/linux-64/cmake-3.18.0-h5c55442_0.tar.bz2
https://conda.anaconda.org/conda-forge/noarch/colorama-0.4.3-py_0.tar.bz2
https://conda.anaconda.org/conda-forge/linux-64/compilers-1.1.1-0.tar.bz2
https://conda.anaconda.org/conda-forge/noarch/cookies-2.2.1-py_0.tar.bz2
https://conda.anaconda.org/conda-forge/linux-64/curl-7.71.1-he644dc0_4.tar.bz2
https://conda.anaconda.org/conda-forge/noarch/decorator-4.4.2-py_0.tar.bz2
https://conda.anaconda.org/conda-forge/linux-64/docutils-0.15.2-py37_0.tar.bz2
https://conda.anaconda.org/conda-forge/noarch/ecdsa-0.13-py_0.tar.bz2
https://conda.anaconda.org/conda-forge/linux-64/glib-2.65.0-h6f030ca_0.tar.bz2
https://conda.anaconda.org/conda-forge/noarch/humanize-2.5.0-py_0.tar.bz2
https://conda.anaconda.org/conda-forge/linux-64/idna-2.8-py37_1000.tar.bz2
https://conda.anaconda.org/conda-forge/noarch/itsdangerous-1.1.0-py_0.tar.bz2
https://conda.anaconda.org/conda-forge/noarch/jmespath-0.10.0-pyh9f0ad1d_0.tar.bz2
https://conda.anaconda.org/conda-forge/noarch/jsondiff-1.1.2-py_0.tar.bz2
https://conda.anaconda.org/conda-forge/noarch/jsonpointer-2.0-py_0.tar.bz2
https://conda.anaconda.org/conda-forge/noarch/mccabe-0.6.1-py_1.tar.bz2
https://conda.anaconda.org/conda-forge/noarch/more-itertools-8.4.0-py_0.tar.bz2
https://conda.anaconda.org/conda-forge/linux-64/mpi4py-3.0.2-py37hcf07815_0.tar.bz2
https://conda.anaconda.org/conda-forge/noarch/olefile-0.46-py_0.tar.bz2
https://conda.anaconda.org/conda-forge/noarch/py-1.9.0-pyh9f0ad1d_0.tar.bz2
https://conda.anaconda.org/conda-forge/linux-64/pybind11-2.2.4-py37hc9558a2_1001.tar.bz2
https://conda.anaconda.org/conda-forge/noarch/pycodestyle-2.5.0-py_0.tar.bz2
https://conda.anaconda.org/conda-forge/noarch/pycparser-2.20-pyh9f0ad1d_2.tar.bz2
https://conda.anaconda.org/conda-forge/noarch/pyflakes-2.1.1-py_0.tar.bz2
https://conda.anaconda.org/conda-forge/noarch/pyparsing-2.4.7-pyh9f0ad1d_0.tar.bz2
https://conda.anaconda.org/conda-forge/linux-64/python_abi-3.7-1_cp37m.tar.bz2
https://conda.anaconda.org/conda-forge/noarch/pytz-2020.1-pyh9f0ad1d_0.tar.bz2
https://conda.anaconda.org/conda-forge/linux-64/sip-4.19.8-py37hf484d3e_1000.tar.bz2
https://conda.anaconda.org/conda-forge/noarch/six-1.15.0-pyh9f0ad1d_0.tar.bz2
https://conda.anaconda.org/conda-forge/noarch/sqlparse-0.3.1-py_0.tar.bz2
https://conda.anaconda.org/conda-forge/noarch/tabulate-0.8.7-pyh9f0ad1d_0.tar.bz2
https://conda.anaconda.org/conda-forge/noarch/termcolor-1.1.0-py_2.tar.bz2
https://conda.anaconda.org/conda-forge/noarch/threadpoolctl-2.1.0-pyh5ca1d4c_0.tar.bz2
https://conda.anaconda.org/conda-forge/noarch/toolz-0.10.0-py_0.tar.bz2
https://conda.anaconda.org/conda-forge/noarch/tqdm-4.48.0-pyh9f0ad1d_0.tar.bz2
https://conda.anaconda.org/conda-forge/noarch/werkzeug-1.0.1-pyh9f0ad1d_0.tar.bz2
https://conda.anaconda.org/conda-forge/noarch/ws4py-0.5.1-py_0.tar.bz2
https://conda.anaconda.org/conda-forge/noarch/xmltodict-0.12.0-py_0.tar.bz2
https://conda.anaconda.org/conda-forge/noarch/zipp-3.1.0-py_0.tar.bz2
https://conda.anaconda.org/conda-forge/linux-64/aws-sdk-cpp-1.7.164-hc831370_1.tar.bz2
https://conda.anaconda.org/conda-forge/linux-64/backports.weakref-1.0.post1-py37hc8dfbb8_1001.tar.bz2
https://conda.anaconda.org/conda-forge/linux-64/certifi-2020.6.20-py37hc8dfbb8_0.tar.bz2
https://conda.anaconda.org/conda-forge/linux-64/cffi-1.14.1-py37h2b28604_0.tar.bz2
https://conda.anaconda.org/conda-forge/linux-64/chardet-3.0.4-py37hc8dfbb8_1006.tar.bz2
https://conda.anaconda.org/conda-forge/linux-64/conda-package-handling-1.6.0-py37h8f50634_2.tar.bz2
https://conda.anaconda.org/conda-forge/noarch/configobj-5.0.6-py_0.tar.bz2
https://conda.anaconda.org/conda-forge/linux-64/coverage-5.2.1-py37h8f50634_0.tar.bz2
https://conda.anaconda.org/conda-forge/noarch/cycler-0.10.0-py_2.tar.bz2
https://conda.anaconda.org/conda-forge/linux-64/cython-0.29.21-py37h3340039_0.tar.bz2
https://conda.anaconda.org/conda-forge/linux-64/cytoolz-0.10.1-py37h516909a_0.tar.bz2
https://conda.anaconda.org/conda-forge/linux-64/dbus-1.13.6-he372182_0.tar.bz2
https://conda.anaconda.org/conda-forge/noarch/docker-pycreds-0.4.0-py_0.tar.bz2
https://conda.anaconda.org/conda-forge/linux-64/entrypoints-0.3-py37hc8dfbb8_1001.tar.bz2
https://conda.anaconda.org/conda-forge/noarch/execnet-1.7.1-py_0.tar.bz2
https://conda.anaconda.org/conda-forge/linux-64/fastavro-0.23.6-py37h8f50634_0.tar.bz2
https://conda.anaconda.org/conda-forge/linux-64/future-0.18.2-py37hc8dfbb8_1.tar.bz2
https://conda.anaconda.org/conda-forge/linux-64/git-2.28.0-pl526h5e3e691_0.tar.bz2
https://conda.anaconda.org/conda-forge/linux-64/gstreamer-1.14.5-h36ae1b5_2.tar.bz2
https://conda.anaconda.org/conda-forge/linux-64/importlib-metadata-1.7.0-py37hc8dfbb8_0.tar.bz2
https://conda.anaconda.org/conda-forge/noarch/jsonpatch-1.24-py_0.tar.bz2
https://conda.anaconda.org/conda-forge/linux-64/kiwisolver-1.2.0-py37h99015e2_0.tar.bz2
https://conda.anaconda.org/conda-forge/linux-64/markupsafe-1.1.1-py37h8f50634_1.tar.bz2
https://conda.anaconda.org/conda-forge/linux-64/mock-4.0.2-py37hc8dfbb8_0.tar.bz2
https://conda.anaconda.org/conda-forge/linux-64/numpy-1.19.1-py37h8960a57_0.tar.bz2
https://conda.anaconda.org/conda-forge/noarch/packaging-20.4-pyh9f0ad1d_0.tar.bz2
https://conda.anaconda.org/conda-forge/linux-64/pillow-7.2.0-py37h718be6c_1.tar.bz2
https://conda.anaconda.org/conda-forge/linux-64/psutil-5.7.2-py37h8f50634_0.tar.bz2
https://conda.anaconda.org/conda-forge/linux-64/psycopg2-2.8.5-py37hb09aad4_1.tar.bz2
https://conda.anaconda.org/conda-forge/linux-64/pycosat-0.6.3-py37h8f50634_1004.tar.bz2
https://conda.anaconda.org/conda-forge/linux-64/pyrsistent-0.16.0-py37h8f50634_0.tar.bz2
https://conda.anaconda.org/conda-forge/linux-64/pysocks-1.7.1-py37hc8dfbb8_1.tar.bz2
https://conda.anaconda.org/conda-forge/noarch/python-dateutil-2.8.1-py_0.tar.bz2
https://conda.anaconda.org/conda-forge/linux-64/pyyaml-5.3.1-py37h8f50634_0.tar.bz2
https://conda.anaconda.org/conda-forge/linux-64/ruamel_yaml-0.15.80-py37h8f50634_1001.tar.bz2
https://conda.anaconda.org/conda-forge/linux-64/scons-3.1.2-py37hc8dfbb8_1.tar.bz2
https://conda.anaconda.org/conda-forge/linux-64/setproctitle-1.1.10-py37h8f50634_1002.tar.bz2
https://conda.anaconda.org/conda-forge/linux-64/sqlalchemy-1.3.18-py37h8f50634_0.tar.bz2
https://conda.anaconda.org/conda-forge/noarch/terminaltables-3.1.0-py_0.tar.bz2
https://conda.anaconda.org/conda-forge/linux-64/tornado-6.0.4-py37h8f50634_1.tar.bz2
https://conda.anaconda.org/conda-forge/linux-64/wcslib-7.2-h345b226_0.tar.bz2
https://conda.anaconda.org/conda-forge/linux-64/websocket-client-0.57.0-py37hc8dfbb8_1.tar.bz2
https://conda.anaconda.org/conda-forge/linux-64/wrapt-1.12.1-py37h8f50634_1.tar.bz2
https://conda.anaconda.org/conda-forge/linux-64/arrow-cpp-0.16.0-py37hb0edad2_0.tar.bz2
https://conda.anaconda.org/conda-forge/linux-64/astropy-4.0.1.post1-py37h8f50634_0.tar.bz2
https://conda.anaconda.org/conda-forge/noarch/backports.tempfile-1.0-py_0.tar.bz2
https://conda.anaconda.org/conda-forge/linux-64/boost-1.70.0-py37h9de70de_1.tar.bz2
https://conda.anaconda.org/conda-forge/linux-64/bottleneck-1.3.2-py37h03ebfcd_1.tar.bz2
https://conda.anaconda.org/conda-forge/linux-64/brotlipy-0.7.0-py37h8f50634_1000.tar.bz2
https://conda.anaconda.org/conda-forge/noarch/cli_helpers-1.2.1-py_0.tar.bz2
https://conda.anaconda.org/conda-forge/linux-64/cryptography-3.0-py37hb09aad4_0.tar.bz2
https://conda.anaconda.org/conda-forge/noarch/dask-core-2.21.0-py_0.tar.bz2
https://conda.anaconda.org/conda-forge/noarch/deprecated-1.2.10-pyh9f0ad1d_0.tar.bz2
https://conda.anaconda.org/conda-forge/linux-64/esutil-0.6.4-py37hb3f55d8_0.tar.bz2
https://conda.anaconda.org/conda-forge/linux-64/fitsio-1.1.2-py37h04524ed_0.tar.bz2
https://conda.anaconda.org/conda-forge/linux-64/gst-plugins-base-1.14.5-h0935bb2_2.tar.bz2
https://conda.anaconda.org/conda-forge/linux-64/h5py-2.10.0-nompi_py37h90cd8ad_104.tar.bz2
https://conda.anaconda.org/conda-forge/linux-64/imagecodecs-lite-2019.12.3-py37h03ebfcd_1.tar.bz2
https://conda.anaconda.org/conda-forge/noarch/imageio-2.9.0-py_0.tar.bz2
https://conda.anaconda.org/conda-forge/noarch/importlib_metadata-1.7.0-0.tar.bz2
https://conda.anaconda.org/conda-forge/linux-64/lsstdesc.coord-1.2.1-py37h99015e2_0.tar.bz2
https://conda.anaconda.org/conda-forge/linux-64/pandas-1.1.0-py37h3340039_0.tar.bz2
https://conda.anaconda.org/conda-forge/noarch/pgspecial-1.11.10-pyh9f0ad1d_0.tar.bz2
https://conda.anaconda.org/conda-forge/linux-64/pywavelets-1.1.1-py37h03ebfcd_1.tar.bz2
https://conda.anaconda.org/conda-forge/linux-64/scipy-1.5.2-py37hb14ef9d_0.tar.bz2
https://conda.anaconda.org/conda-forge/linux-64/setuptools-49.2.0-py37hc8dfbb8_0.tar.bz2
https://conda.anaconda.org/conda-forge/noarch/uncertainties-3.1.4-py_0.tar.bz2
https://conda.anaconda.org/conda-forge/noarch/asteval-0.9.16-pyh5ca1d4c_0.tar.bz2
https://conda.anaconda.org/conda-forge/noarch/autograd-1.3-py_0.tar.bz2
https://conda.anaconda.org/conda-forge/noarch/backports.functools_lru_cache-1.6.1-py_0.tar.bz2
https://conda.anaconda.org/conda-forge/linux-64/flake8-3.7.9-py37hc8dfbb8_1.tar.bz2
https://conda.anaconda.org/conda-forge/linux-64/galsim-2.2.4-py37hd20b5aa_0.tar.bz2
https://conda.anaconda.org/conda-forge/noarch/jinja2-2.11.2-pyh9f0ad1d_0.tar.bz2
https://conda.anaconda.org/conda-forge/noarch/joblib-0.16.0-py_0.tar.bz2
https://conda.anaconda.org/conda-forge/noarch/jsonpickle-1.4.1-pyh9f0ad1d_0.tar.bz2
https://conda.anaconda.org/conda-forge/linux-64/jsonschema-3.2.0-py37hc8dfbb8_1.tar.bz2
https://conda.anaconda.org/conda-forge/linux-64/matplotlib-base-3.0.3-py37h5f35d83_1.tar.bz2
https://conda.anaconda.org/conda-forge/noarch/networkx-2.4-py_1.tar.bz2
https://conda.anaconda.org/conda-forge/linux-64/numexpr-2.7.1-py37h0da4684_1.tar.bz2
https://conda.anaconda.org/conda-forge/noarch/parquet-cpp-1.5.1-2.tar.bz2
https://conda.anaconda.org/conda-forge/noarch/patsy-0.5.1-py_0.tar.bz2
https://conda.anaconda.org/conda-forge/linux-64/pluggy-0.13.1-py37hc8dfbb8_2.tar.bz2
https://conda.anaconda.org/conda-forge/noarch/pygments-2.6.1-py_0.tar.bz2
https://conda.anaconda.org/conda-forge/noarch/pyopenssl-19.1.0-py_1.tar.bz2
https://conda.anaconda.org/conda-forge/noarch/python-jose-3.1.0-pyh9f0ad1d_0.tar.bz2
https://conda.anaconda.org/conda-forge/linux-64/qt-5.9.7-h52cfd70_2.tar.bz2
https://conda.anaconda.org/conda-forge/noarch/sshpubkeys-3.1.0-py_0.tar.bz2
https://conda.anaconda.org/conda-forge/noarch/tifffile-2020.6.3-py_0.tar.bz2
https://conda.anaconda.org/conda-forge/linux-64/treecorr-3.3.11-py37hf484d3e_1001.tar.bz2
https://conda.anaconda.org/conda-forge/noarch/wheel-0.34.2-py_1.tar.bz2
https://conda.anaconda.org/conda-forge/noarch/flake8-polyfill-1.0.2-py_0.tar.bz2
https://conda.anaconda.org/conda-forge/noarch/flask-1.1.2-pyh9f0ad1d_0.tar.bz2
https://conda.anaconda.org/conda-forge/noarch/lmfit-1.0.0-py_0.tar.bz2
https://conda.anaconda.org/conda-forge/noarch/pip-20.2-py_0.tar.bz2
https://conda.anaconda.org/conda-forge/linux-64/pyarrow-0.16.0-py37h8b68381_1.tar.bz2
https://conda.anaconda.org/conda-forge/linux-64/pyqt-5.9.2-py37hcca6a23_4.tar.bz2
https://conda.anaconda.org/conda-forge/linux-64/pytables-3.6.1-py37h56451d4_2.tar.bz2
https://conda.anaconda.org/conda-forge/linux-64/scikit-image-0.17.2-py37h0da4684_1.tar.bz2
https://conda.anaconda.org/conda-forge/linux-64/scikit-learn-0.23.1-py37h8a51577_0.tar.bz2
https://conda.anaconda.org/conda-forge/noarch/seaborn-base-0.10.1-py_1.tar.bz2
https://conda.anaconda.org/conda-forge/linux-64/statsmodels-0.11.1-py37h8f50634_2.tar.bz2
https://conda.anaconda.org/conda-forge/noarch/urllib3-1.25.10-py_0.tar.bz2
https://conda.anaconda.org/conda-forge/noarch/wcwidth-0.2.5-pyh9f0ad1d_1.tar.bz2
https://conda.anaconda.org/conda-forge/noarch/botocore-1.17.32-pyh9f0ad1d_0.tar.bz2
https://conda.anaconda.org/conda-forge/linux-64/matplotlib-3.0.3-py37_1.tar.bz2
https://conda.anaconda.org/conda-forge/noarch/pep8-naming-0.11.1-pyh9f0ad1d_0.tar.bz2
https://conda.anaconda.org/conda-forge/noarch/prompt-toolkit-3.0.5-py_1.tar.bz2
https://conda.anaconda.org/conda-forge/linux-64/pytest-5.4.3-py37hc8dfbb8_0.tar.bz2
https://conda.anaconda.org/conda-forge/noarch/requests-2.24.0-pyh9f0ad1d_0.tar.bz2
https://conda.anaconda.org/conda-forge/linux-64/seaborn-0.10.1-1.tar.bz2
https://conda.anaconda.org/conda-forge/noarch/aws-xray-sdk-0.95-py_0.tar.bz2
https://conda.anaconda.org/conda-forge/linux-64/conda-4.8.3-py37hc8dfbb8_1.tar.bz2
https://conda.anaconda.org/conda-forge/linux-64/docker-py-4.2.2-py37hc8dfbb8_0.tar.bz2
https://conda.anaconda.org/conda-forge/noarch/prompt_toolkit-3.0.5-1.tar.bz2
https://conda.anaconda.org/conda-forge/noarch/pytest-cov-2.10.0-pyh9f0ad1d_0.tar.bz2
https://conda.anaconda.org/conda-forge/noarch/pytest-doctestplus-0.6.1-pyh9f0ad1d_0.tar.bz2
https://conda.anaconda.org/conda-forge/noarch/pytest-flake8-1.0.6-pyh9f0ad1d_0.tar.bz2
https://conda.anaconda.org/conda-forge/noarch/pytest-forked-1.2.0-pyh9f0ad1d_0.tar.bz2
https://conda.anaconda.org/conda-forge/noarch/pytest-openfiles-0.5.0-py_0.tar.bz2
https://conda.anaconda.org/conda-forge/noarch/pytest-runner-5.2-py_0.tar.bz2
https://conda.anaconda.org/conda-forge/noarch/pytest-session2file-0.1.9-py_0.tar.bz2
https://conda.anaconda.org/conda-forge/noarch/pytest-subtests-0.3.1-py_0.tar.bz2
https://conda.anaconda.org/conda-forge/noarch/responses-0.10.15-pyh9f0ad1d_0.tar.bz2
https://conda.anaconda.org/conda-forge/linux-64/s3transfer-0.3.3-py37hc8dfbb8_1.tar.bz2
https://conda.anaconda.org/conda-forge/noarch/boto3-1.14.31-pyh9f0ad1d_0.tar.bz2
https://conda.anaconda.org/conda-forge/linux-64/healpy-1.14.0-py37h539c4ae_0.tar.bz2
https://conda.anaconda.org/conda-forge/noarch/pgcli-3.0.0-pyh9f0ad1d_0.tar.bz2
https://conda.anaconda.org/conda-forge/noarch/pytest-xdist-1.34.0-pyh9f0ad1d_0.tar.bz2
https://conda.anaconda.org/conda-forge/noarch/aws-sam-translator-1.25.0-pyh9f0ad1d_0.tar.bz2
https://conda.anaconda.org/conda-forge/linux-64/cfn-lint-0.24.8-py37_0.tar.bz2
https://conda.anaconda.org/conda-forge/noarch/moto-1.3.14-py_0.tar.bz2
